
Microsoft Visual Studio Solution File, Format Version 12.00
# Visual Studio Version 16
VisualStudioVersion = 16.0.31229.75
MinimumVisualStudioVersion = 10.0.40219.1
Project("{FAE04EC0-301F-11D3-BF4B-00C04F79EFBC}") = "ServerGP", "ServerGP\ServerGP.csproj", "{A70EA48C-4D31-42BA-843E-3C29359FDE23}"
EndProject
Global
	GlobalSection(SolutionConfigurationPlatforms) = preSolution
		Debug|Any CPU = Debug|Any CPU
		Release|Any CPU = Release|Any CPU
	EndGlobalSection
	GlobalSection(ProjectConfigurationPlatforms) = postSolution
		{A70EA48C-4D31-42BA-843E-3C29359FDE23}.Debug|Any CPU.ActiveCfg = Debug|Any CPU
		{A70EA48C-4D31-42BA-843E-3C29359FDE23}.Debug|Any CPU.Build.0 = Debug|Any CPU
		{A70EA48C-4D31-42BA-843E-3C29359FDE23}.Release|Any CPU.ActiveCfg = Release|Any CPU
		{A70EA48C-4D31-42BA-843E-3C29359FDE23}.Release|Any CPU.Build.0 = Release|Any CPU
	EndGlobalSection
	GlobalSection(SolutionProperties) = preSolution
		HideSolutionNode = FALSE
	EndGlobalSection
	GlobalSection(ExtensibilityGlobals) = postSolution
		SolutionGuid = {CC1A7E47-363B-46EC-B237-9EC518984BFE}
	EndGlobalSection
EndGlobal
